
Microsoft Visual Studio Solution File, Format Version 12.00
Project("{FAE04EC0-301F-11D3-BF4B-00C04F79EFBC}") = "Common", "Ddd7.Common\Ddd7.Common.csproj", "{0B7CC5A9-DA0D-44A1-99D1-06AF6C840622}"
EndProject
Project("{FAE04EC0-301F-11D3-BF4B-00C04F79EFBC}") = "Ddd7.Messaging.AutofacIntegration", "Ddd7.Messaging.AutofacIntegration\Ddd7.Messaging.AutofacIntegration.csproj", "{DDE14B44-F56C-4F2F-8449-67A32074DCB5}"
EndProject
Global
	GlobalSection(SolutionConfigurationPlatforms) = preSolution
		Debug|Any CPU = Debug|Any CPU
		Release|Any CPU = Release|Any CPU
	EndGlobalSection
	GlobalSection(ProjectConfigurationPlatforms) = postSolution
		{0B7CC5A9-DA0D-44A1-99D1-06AF6C840622}.Debug|Any CPU.ActiveCfg = Debug|Any CPU
		{0B7CC5A9-DA0D-44A1-99D1-06AF6C840622}.Debug|Any CPU.Build.0 = Debug|Any CPU
		{0B7CC5A9-DA0D-44A1-99D1-06AF6C840622}.Release|Any CPU.ActiveCfg = Release|Any CPU
		{0B7CC5A9-DA0D-44A1-99D1-06AF6C840622}.Release|Any CPU.Build.0 = Release|Any CPU
		{DDE14B44-F56C-4F2F-8449-67A32074DCB5}.Debug|Any CPU.ActiveCfg = Debug|Any CPU
		{DDE14B44-F56C-4F2F-8449-67A32074DCB5}.Debug|Any CPU.Build.0 = Debug|Any CPU
		{DDE14B44-F56C-4F2F-8449-67A32074DCB5}.Release|Any CPU.ActiveCfg = Release|Any CPU
		{DDE14B44-F56C-4F2F-8449-67A32074DCB5}.Release|Any CPU.Build.0 = Release|Any CPU
	EndGlobalSection
EndGlobal
